// !$*UTF8*$!
{
	archiveVersion = 1;
	classes = {
	};
	objectVersion = 56;
	objects = {

/* Begin PBXBuildFile section */
		D913EDD32A0418BF00E27193 /* AppDelegate.swift in Sources */ = {isa = PBXBuildFile; fileRef = D913EDD22A0418BF00E27193 /* AppDelegate.swift */; };
		D913EDD52A0418BF00E27193 /* SceneDelegate.swift in Sources */ = {isa = PBXBuildFile; fileRef = D913EDD42A0418BF00E27193 /* SceneDelegate.swift */; };
		D913EDD72A0418BF00E27193 /* ViewController.swift in Sources */ = {isa = PBXBuildFile; fileRef = D913EDD62A0418BF00E27193 /* ViewController.swift */; };
		D913EDDA2A0418BF00E27193 /* Main.storyboard in Resources */ = {isa = PBXBuildFile; fileRef = D913EDD82A0418BF00E27193 /* Main.storyboard */; };
		D913EDDD2A0418BF00E27193 /* SportSwift.xcdatamodeld in Sources */ = {isa = PBXBuildFile; fileRef = D913EDDB2A0418BF00E27193 /* SportSwift.xcdatamodeld */; };
		D913EDDF2A0418C000E27193 /* Assets.xcassets in Resources */ = {isa = PBXBuildFile; fileRef = D913EDDE2A0418C000E27193 /* Assets.xcassets */; };
		D913EDE22A0418C000E27193 /* LaunchScreen.storyboard in Resources */ = {isa = PBXBuildFile; fileRef = D913EDE02A0418C000E27193 /* LaunchScreen.storyboard */; };
		D913EDEF2A04497700E27193 /* TeamModels.swift in Sources */ = {isa = PBXBuildFile; fileRef = D913EDEE2A04497700E27193 /* TeamModels.swift */; };
		D913EDF82A04752700E27193 /* sport.json in Resources */ = {isa = PBXBuildFile; fileRef = D913EDF72A04752700E27193 /* sport.json */; };
		D913EDFB2A0475F800E27193 /* SplachViewController.swift in Sources */ = {isa = PBXBuildFile; fileRef = D913EDFA2A0475F800E27193 /* SplachViewController.swift */; };
		D93CF6E02A07CE2F00A43BBB /* UrlGenerator.swift in Sources */ = {isa = PBXBuildFile; fileRef = D93CF6DF2A07CE2F00A43BBB /* UrlGenerator.swift */; };
		D94A03EE2A0AC41D003207AD /* CoreDataDb.swift in Sources */ = {isa = PBXBuildFile; fileRef = D94A03ED2A0AC41D003207AD /* CoreDataDb.swift */; };
		D94A03F12A0AC59A003207AD /* FavoriteModel.swift in Sources */ = {isa = PBXBuildFile; fileRef = D94A03F02A0AC59A003207AD /* FavoriteModel.swift */; };
		D94A03F62A0AD1EB003207AD /* FavoriteTeamsTableViewController.swift in Sources */ = {isa = PBXBuildFile; fileRef = D94A03F52A0AD1EB003207AD /* FavoriteTeamsTableViewController.swift */; };
		D94A03F92A0AD209003207AD /* FavoritePresenter.swift in Sources */ = {isa = PBXBuildFile; fileRef = D94A03F82A0AD209003207AD /* FavoritePresenter.swift */; };
		D94A03FC2A0AD228003207AD /* TeamDetailsPresenter.swift in Sources */ = {isa = PBXBuildFile; fileRef = D94A03FB2A0AD228003207AD /* TeamDetailsPresenter.swift */; };
		D94A04002A0B2619003207AD /* FavoriteTeamsTableViewCell.swift in Sources */ = {isa = PBXBuildFile; fileRef = D94A03FF2A0B2619003207AD /* FavoriteTeamsTableViewCell.swift */; };
		D94A04022A0B2ACB003207AD /* TeamTableViewCell.swift in Sources */ = {isa = PBXBuildFile; fileRef = D94A04012A0B2ACB003207AD /* TeamTableViewCell.swift */; };
		D96249162A09253800528E1B /* Utils.swift in Sources */ = {isa = PBXBuildFile; fileRef = D96249152A09253800528E1B /* Utils.swift */; };
		D962491E2A09483A00528E1B /* LeaguesModels.swift in Sources */ = {isa = PBXBuildFile; fileRef = D962491D2A09483A00528E1B /* LeaguesModels.swift */; };
		D96249212A09491D00528E1B /* LeaguesPresenter.swift in Sources */ = {isa = PBXBuildFile; fileRef = D96249202A09491D00528E1B /* LeaguesPresenter.swift */; };
		D96249282A0957E300528E1B /* ModelsLeaguesDetails.swift in Sources */ = {isa = PBXBuildFile; fileRef = D96249272A0957E300528E1B /* ModelsLeaguesDetails.swift */; };
		D962492B2A09711C00528E1B /* NetworkService.swift in Sources */ = {isa = PBXBuildFile; fileRef = D962492A2A09711C00528E1B /* NetworkService.swift */; };
		D962492E2A09726F00528E1B /* DetailsLeaguesPresenter.swift in Sources */ = {isa = PBXBuildFile; fileRef = D962492D2A09726F00528E1B /* DetailsLeaguesPresenter.swift */; };
		D9DAD5172A05439500083C65 /* LeagueTableViewController.swift in Sources */ = {isa = PBXBuildFile; fileRef = D9DAD5162A05439500083C65 /* LeagueTableViewController.swift */; };
		D9DAD5192A05441500083C65 /* SingleSportTableViewCell.swift in Sources */ = {isa = PBXBuildFile; fileRef = D9DAD5182A05441500083C65 /* SingleSportTableViewCell.swift */; };
		D9DAD51B2A05499900083C65 /* CollectionViewCell.swift in Sources */ = {isa = PBXBuildFile; fileRef = D9DAD51A2A05499900083C65 /* CollectionViewCell.swift */; };
		D9DAD51F2A0558A100083C65 /* DetailsLeagueViewController.swift in Sources */ = {isa = PBXBuildFile; fileRef = D9DAD51E2A0558A100083C65 /* DetailsLeagueViewController.swift */; };
		D9DAD5252A056A6C00083C65 /* UpComingCollectionViewCell.swift in Sources */ = {isa = PBXBuildFile; fileRef = D9DAD5232A056A6C00083C65 /* UpComingCollectionViewCell.swift */; };
		D9DAD5292A056A9D00083C65 /* TeamsCollectionViewCell.swift in Sources */ = {isa = PBXBuildFile; fileRef = D9DAD5272A056A9D00083C65 /* TeamsCollectionViewCell.swift */; };
		D9DAD5312A056B1000083C65 /* LatestResultCollectionViewCell.swift in Sources */ = {isa = PBXBuildFile; fileRef = D9DAD52F2A056B1000083C65 /* LatestResultCollectionViewCell.swift */; };
		D9DAD5362A057F7C00083C65 /* TeamDetailsViewController.swift in Sources */ = {isa = PBXBuildFile; fileRef = D9DAD5352A057F7C00083C65 /* TeamDetailsViewController.swift */; };
		D9E331442A0D5E320039BDA8 /* LeaguePresenterTest.swift in Sources */ = {isa = PBXBuildFile; fileRef = D9E331432A0D5E320039BDA8 /* LeaguePresenterTest.swift */; };
		D9E331462A0D5E4C0039BDA8 /* LeaguesDetailsPresenterTest.swift in Sources */ = {isa = PBXBuildFile; fileRef = D9E331452A0D5E4C0039BDA8 /* LeaguesDetailsPresenterTest.swift */; };
		D9E331482A0D5E6A0039BDA8 /* TeamDetailsPresenterTest.swift in Sources */ = {isa = PBXBuildFile; fileRef = D9E331472A0D5E6A0039BDA8 /* TeamDetailsPresenterTest.swift */; };
		D9E3314C2A0D5F930039BDA8 /* MockNetworkService.swift in Sources */ = {isa = PBXBuildFile; fileRef = D9E3314B2A0D5F930039BDA8 /* MockNetworkService.swift */; };
		D9F24BF82A0D79DE00BB573E /* NetworkMockTest.swift in Sources */ = {isa = PBXBuildFile; fileRef = D9F24BF72A0D79DE00BB573E /* NetworkMockTest.swift */; };
		F031C9D73133FF28BF424B5B /* Pods_SportSwift.framework in Frameworks */ = {isa = PBXBuildFile; fileRef = 8D30880500F77316EFBD7D7E /* Pods_SportSwift.framework */; };
/* End PBXBuildFile section */

/* Begin PBXContainerItemProxy section */
		D9E3313C2A0D5DA40039BDA8 /* PBXContainerItemProxy */ = {
			isa = PBXContainerItemProxy;
			containerPortal = D913EDC72A0418BE00E27193 /* Project object */;
			proxyType = 1;
			remoteGlobalIDString = D913EDCE2A0418BF00E27193;
			remoteInfo = SportSwift;
		};
/* End PBXContainerItemProxy section */

/* Begin PBXFileReference section */
		11DE6510906BF3E032B3E764 /* Pods-SportSwift.debug.xcconfig */ = {isa = PBXFileReference; includeInIndex = 1; lastKnownFileType = text.xcconfig; name = "Pods-SportSwift.debug.xcconfig"; path = "Target Support Files/Pods-SportSwift/Pods-SportSwift.debug.xcconfig"; sourceTree = "<group>"; };
		1394B58FCD7999F148BCA346 /* Pods-SportSwift.release.xcconfig */ = {isa = PBXFileReference; includeInIndex = 1; lastKnownFileType = text.xcconfig; name = "Pods-SportSwift.release.xcconfig"; path = "Target Support Files/Pods-SportSwift/Pods-SportSwift.release.xcconfig"; sourceTree = "<group>"; };
		8D30880500F77316EFBD7D7E /* Pods_SportSwift.framework */ = {isa = PBXFileReference; explicitFileType = wrapper.framework; includeInIndex = 0; path = Pods_SportSwift.framework; sourceTree = BUILT_PRODUCTS_DIR; };
		D913EDCF2A0418BF00E27193 /* SportSwift.app */ = {isa = PBXFileReference; explicitFileType = wrapper.application; includeInIndex = 0; path = SportSwift.app; sourceTree = BUILT_PRODUCTS_DIR; };
		D913EDD22A0418BF00E27193 /* AppDelegate.swift */ = {isa = PBXFileReference; lastKnownFileType = sourcecode.swift; path = AppDelegate.swift; sourceTree = "<group>"; };
		D913EDD42A0418BF00E27193 /* SceneDelegate.swift */ = {isa = PBXFileReference; lastKnownFileType = sourcecode.swift; path = SceneDelegate.swift; sourceTree = "<group>"; };
		D913EDD62A0418BF00E27193 /* ViewController.swift */ = {isa = PBXFileReference; lastKnownFileType = sourcecode.swift; path = ViewController.swift; sourceTree = "<group>"; };
		D913EDD92A0418BF00E27193 /* Base */ = {isa = PBXFileReference; lastKnownFileType = file.storyboard; name = Base; path = Base.lproj/Main.storyboard; sourceTree = "<group>"; };
		D913EDDC2A0418BF00E27193 /* SportSwift.xcdatamodel */ = {isa = PBXFileReference; lastKnownFileType = wrapper.xcdatamodel; path = SportSwift.xcdatamodel; sourceTree = "<group>"; };
		D913EDDE2A0418C000E27193 /* Assets.xcassets */ = {isa = PBXFileReference; lastKnownFileType = folder.assetcatalog; path = Assets.xcassets; sourceTree = "<group>"; };
		D913EDE12A0418C000E27193 /* Base */ = {isa = PBXFileReference; lastKnownFileType = file.storyboard; name = Base; path = Base.lproj/LaunchScreen.storyboard; sourceTree = "<group>"; };
		D913EDE32A0418C000E27193 /* Info.plist */ = {isa = PBXFileReference; lastKnownFileType = text.plist.xml; path = Info.plist; sourceTree = "<group>"; };
		D913EDEE2A04497700E27193 /* TeamModels.swift */ = {isa = PBXFileReference; lastKnownFileType = sourcecode.swift; path = TeamModels.swift; sourceTree = "<group>"; };
		D913EDF72A04752700E27193 /* sport.json */ = {isa = PBXFileReference; fileEncoding = 4; lastKnownFileType = text.json; name = sport.json; path = ../../../../../../Downloads/sport.json; sourceTree = "<group>"; };
		D913EDFA2A0475F800E27193 /* SplachViewController.swift */ = {isa = PBXFileReference; lastKnownFileType = sourcecode.swift; path = SplachViewController.swift; sourceTree = "<group>"; };
		D93CF6DF2A07CE2F00A43BBB /* UrlGenerator.swift */ = {isa = PBXFileReference; lastKnownFileType = sourcecode.swift; path = UrlGenerator.swift; sourceTree = "<group>"; };
		D94A03ED2A0AC41D003207AD /* CoreDataDb.swift */ = {isa = PBXFileReference; fileEncoding = 4; lastKnownFileType = sourcecode.swift; path = CoreDataDb.swift; sourceTree = "<group>"; };
		D94A03F02A0AC59A003207AD /* FavoriteModel.swift */ = {isa = PBXFileReference; lastKnownFileType = sourcecode.swift; path = FavoriteModel.swift; sourceTree = "<group>"; };
		D94A03F52A0AD1EB003207AD /* FavoriteTeamsTableViewController.swift */ = {isa = PBXFileReference; lastKnownFileType = sourcecode.swift; path = FavoriteTeamsTableViewController.swift; sourceTree = "<group>"; };
		D94A03F82A0AD209003207AD /* FavoritePresenter.swift */ = {isa = PBXFileReference; lastKnownFileType = sourcecode.swift; path = FavoritePresenter.swift; sourceTree = "<group>"; };
		D94A03FB2A0AD228003207AD /* TeamDetailsPresenter.swift */ = {isa = PBXFileReference; lastKnownFileType = sourcecode.swift; path = TeamDetailsPresenter.swift; sourceTree = "<group>"; };
		D94A03FF2A0B2619003207AD /* FavoriteTeamsTableViewCell.swift */ = {isa = PBXFileReference; lastKnownFileType = sourcecode.swift; path = FavoriteTeamsTableViewCell.swift; sourceTree = "<group>"; };
		D94A04012A0B2ACB003207AD /* TeamTableViewCell.swift */ = {isa = PBXFileReference; lastKnownFileType = sourcecode.swift; path = TeamTableViewCell.swift; sourceTree = "<group>"; };
		D96249152A09253800528E1B /* Utils.swift */ = {isa = PBXFileReference; lastKnownFileType = sourcecode.swift; path = Utils.swift; sourceTree = "<group>"; };
		D962491D2A09483A00528E1B /* LeaguesModels.swift */ = {isa = PBXFileReference; lastKnownFileType = sourcecode.swift; path = LeaguesModels.swift; sourceTree = "<group>"; };
		D96249202A09491D00528E1B /* LeaguesPresenter.swift */ = {isa = PBXFileReference; lastKnownFileType = sourcecode.swift; path = LeaguesPresenter.swift; sourceTree = "<group>"; };
		D96249272A0957E300528E1B /* ModelsLeaguesDetails.swift */ = {isa = PBXFileReference; lastKnownFileType = sourcecode.swift; path = ModelsLeaguesDetails.swift; sourceTree = "<group>"; };
		D962492A2A09711C00528E1B /* NetworkService.swift */ = {isa = PBXFileReference; lastKnownFileType = sourcecode.swift; path = NetworkService.swift; sourceTree = "<group>"; };
		D962492D2A09726F00528E1B /* DetailsLeaguesPresenter.swift */ = {isa = PBXFileReference; lastKnownFileType = sourcecode.swift; path = DetailsLeaguesPresenter.swift; sourceTree = "<group>"; };
		D9DAD5162A05439500083C65 /* LeagueTableViewController.swift */ = {isa = PBXFileReference; lastKnownFileType = sourcecode.swift; path = LeagueTableViewController.swift; sourceTree = "<group>"; };
		D9DAD5182A05441500083C65 /* SingleSportTableViewCell.swift */ = {isa = PBXFileReference; lastKnownFileType = sourcecode.swift; path = SingleSportTableViewCell.swift; sourceTree = "<group>"; };
		D9DAD51A2A05499900083C65 /* CollectionViewCell.swift */ = {isa = PBXFileReference; lastKnownFileType = sourcecode.swift; path = CollectionViewCell.swift; sourceTree = "<group>"; };
		D9DAD51E2A0558A100083C65 /* DetailsLeagueViewController.swift */ = {isa = PBXFileReference; lastKnownFileType = sourcecode.swift; path = DetailsLeagueViewController.swift; sourceTree = "<group>"; };
		D9DAD5232A056A6C00083C65 /* UpComingCollectionViewCell.swift */ = {isa = PBXFileReference; lastKnownFileType = sourcecode.swift; path = UpComingCollectionViewCell.swift; sourceTree = "<group>"; };
		D9DAD5272A056A9D00083C65 /* TeamsCollectionViewCell.swift */ = {isa = PBXFileReference; lastKnownFileType = sourcecode.swift; path = TeamsCollectionViewCell.swift; sourceTree = "<group>"; };
		D9DAD52F2A056B1000083C65 /* LatestResultCollectionViewCell.swift */ = {isa = PBXFileReference; lastKnownFileType = sourcecode.swift; path = LatestResultCollectionViewCell.swift; sourceTree = "<group>"; };
		D9DAD5352A057F7C00083C65 /* TeamDetailsViewController.swift */ = {isa = PBXFileReference; lastKnownFileType = sourcecode.swift; path = TeamDetailsViewController.swift; sourceTree = "<group>"; };
		D9E331382A0D5DA40039BDA8 /* TestPresenters.xctest */ = {isa = PBXFileReference; explicitFileType = wrapper.cfbundle; includeInIndex = 0; path = TestPresenters.xctest; sourceTree = BUILT_PRODUCTS_DIR; };
		D9E331432A0D5E320039BDA8 /* LeaguePresenterTest.swift */ = {isa = PBXFileReference; lastKnownFileType = sourcecode.swift; path = LeaguePresenterTest.swift; sourceTree = "<group>"; };
		D9E331452A0D5E4C0039BDA8 /* LeaguesDetailsPresenterTest.swift */ = {isa = PBXFileReference; lastKnownFileType = sourcecode.swift; path = LeaguesDetailsPresenterTest.swift; sourceTree = "<group>"; };
		D9E331472A0D5E6A0039BDA8 /* TeamDetailsPresenterTest.swift */ = {isa = PBXFileReference; lastKnownFileType = sourcecode.swift; path = TeamDetailsPresenterTest.swift; sourceTree = "<group>"; };
		D9E3314B2A0D5F930039BDA8 /* MockNetworkService.swift */ = {isa = PBXFileReference; fileEncoding = 4; lastKnownFileType = sourcecode.swift; path = MockNetworkService.swift; sourceTree = "<group>"; };
		D9F24BF72A0D79DE00BB573E /* NetworkMockTest.swift */ = {isa = PBXFileReference; lastKnownFileType = sourcecode.swift; path = NetworkMockTest.swift; sourceTree = "<group>"; };
/* End PBXFileReference section */

/* Begin PBXFrameworksBuildPhase section */
		D913EDCC2A0418BF00E27193 /* Frameworks */ = {
			isa = PBXFrameworksBuildPhase;
			buildActionMask = 2147483647;
			files = (
				F031C9D73133FF28BF424B5B /* Pods_SportSwift.framework in Frameworks */,
			);
			runOnlyForDeploymentPostprocessing = 0;
		};
		D9E331352A0D5DA40039BDA8 /* Frameworks */ = {
			isa = PBXFrameworksBuildPhase;
			buildActionMask = 2147483647;
			files = (
			);
			runOnlyForDeploymentPostprocessing = 0;
		};
/* End PBXFrameworksBuildPhase section */

/* Begin PBXGroup section */
		0EFD5BE4D50BA897AA556C24 /* Pods */ = {
			isa = PBXGroup;
			children = (
				11DE6510906BF3E032B3E764 /* Pods-SportSwift.debug.xcconfig */,
				1394B58FCD7999F148BCA346 /* Pods-SportSwift.release.xcconfig */,
			);
			path = Pods;
			sourceTree = "<group>";
		};
		9A249D2BBFDFE4C810F8B13F /* Frameworks */ = {
			isa = PBXGroup;
			children = (
				8D30880500F77316EFBD7D7E /* Pods_SportSwift.framework */,
			);
			name = Frameworks;
			sourceTree = "<group>";
		};
		D913EDC62A0418BE00E27193 = {
			isa = PBXGroup;
			children = (
				D913EDD12A0418BF00E27193 /* SportSwift */,
				D9E331392A0D5DA40039BDA8 /* TestPresenters */,
				D913EDD02A0418BF00E27193 /* Products */,
				0EFD5BE4D50BA897AA556C24 /* Pods */,
				9A249D2BBFDFE4C810F8B13F /* Frameworks */,
			);
			sourceTree = "<group>";
		};
		D913EDD02A0418BF00E27193 /* Products */ = {
			isa = PBXGroup;
			children = (
				D913EDCF2A0418BF00E27193 /* SportSwift.app */,
				D9E331382A0D5DA40039BDA8 /* TestPresenters.xctest */,
			);
			name = Products;
			sourceTree = "<group>";
		};
		D913EDD12A0418BF00E27193 /* SportSwift */ = {
			isa = PBXGroup;
			children = (
				D913EDE32A0418C000E27193 /* Info.plist */,
				D913EDF62A04706500E27193 /* Shared */,
				D913EDEB2A04490100E27193 /* Features */,
			);
			path = SportSwift;
			sourceTree = "<group>";
		};
		D913EDE92A0448D700E27193 /* View */ = {
			isa = PBXGroup;
			children = (
				D913EDD82A0418BF00E27193 /* Main.storyboard */,
				D913EDDE2A0418C000E27193 /* Assets.xcassets */,
				D913EDF72A04752700E27193 /* sport.json */,
			);
			path = View;
			sourceTree = "<group>";
		};
		D913EDEB2A04490100E27193 /* Features */ = {
			isa = PBXGroup;
			children = (
				D913EDF52A04704A00E27193 /* SportCollectionScreen */,
				D9DAD5142A05436100083C65 /* LeagueScreen */,
				D9DAD51C2A0557C700083C65 /* LeaguesDetailsScreen */,
				D9DAD5332A057F5F00083C65 /* TeamDetailsScreen */,
				D913EDF42A04702600E27193 /* FavoriteScreen */,
				D913EDF22A046F9800E27193 /* SplachScreen */,
			);
			path = Features;
			sourceTree = "<group>";
		};
		D913EDED2A04496400E27193 /* Model */ = {
			isa = PBXGroup;
			children = (
				D913EDEE2A04497700E27193 /* TeamModels.swift */,
			);
			path = Model;
			sourceTree = "<group>";
		};
		D913EDF22A046F9800E27193 /* SplachScreen */ = {
			isa = PBXGroup;
			children = (
				D913EDF92A0475D000E27193 /* Controller */,
				D913EDF32A04700500E27193 /* View */,
			);
			path = SplachScreen;
			sourceTree = "<group>";
		};
		D913EDF32A04700500E27193 /* View */ = {
			isa = PBXGroup;
			children = (
				D913EDE02A0418C000E27193 /* LaunchScreen.storyboard */,
			);
			path = View;
			sourceTree = "<group>";
		};
		D913EDF42A04702600E27193 /* FavoriteScreen */ = {
			isa = PBXGroup;
			children = (
				D94A03F72A0AD1F2003207AD /* Presenter */,
				D94A03F22A0AD040003207AD /* View */,
				D94A03EF2A0AC586003207AD /* Model */,
			);
			path = FavoriteScreen;
			sourceTree = "<group>";
		};
		D913EDF52A04704A00E27193 /* SportCollectionScreen */ = {
			isa = PBXGroup;
			children = (
				D96249192A0942C200528E1B /* View */,
			);
			path = SportCollectionScreen;
			sourceTree = "<group>";
		};
		D913EDF62A04706500E27193 /* Shared */ = {
			isa = PBXGroup;
			children = (
				D913EDE92A0448D700E27193 /* View */,
				D96249292A095A5800528E1B /* Data */,
				D913EDD22A0418BF00E27193 /* AppDelegate.swift */,
				D913EDD42A0418BF00E27193 /* SceneDelegate.swift */,
				D96249152A09253800528E1B /* Utils.swift */,
			);
			path = Shared;
			sourceTree = "<group>";
		};
		D913EDF92A0475D000E27193 /* Controller */ = {
			isa = PBXGroup;
			children = (
				D913EDFA2A0475F800E27193 /* SplachViewController.swift */,
			);
			path = Controller;
			sourceTree = "<group>";
		};
		D94A03EF2A0AC586003207AD /* Model */ = {
			isa = PBXGroup;
			children = (
				D94A03F02A0AC59A003207AD /* FavoriteModel.swift */,
			);
			path = Model;
			sourceTree = "<group>";
		};
		D94A03F22A0AD040003207AD /* View */ = {
			isa = PBXGroup;
			children = (
				D94A03F52A0AD1EB003207AD /* FavoriteTeamsTableViewController.swift */,
				D94A03FF2A0B2619003207AD /* FavoriteTeamsTableViewCell.swift */,
			);
			path = View;
			sourceTree = "<group>";
		};
		D94A03F72A0AD1F2003207AD /* Presenter */ = {
			isa = PBXGroup;
			children = (
				D94A03F82A0AD209003207AD /* FavoritePresenter.swift */,
			);
			path = Presenter;
			sourceTree = "<group>";
		};
		D94A03FA2A0AD215003207AD /* Presenter */ = {
			isa = PBXGroup;
			children = (
				D94A03FB2A0AD228003207AD /* TeamDetailsPresenter.swift */,
			);
			path = Presenter;
			sourceTree = "<group>";
		};
		D96249172A0942A700528E1B /* View */ = {
			isa = PBXGroup;
			children = (
				D9DAD5162A05439500083C65 /* LeagueTableViewController.swift */,
				D9DAD5182A05441500083C65 /* SingleSportTableViewCell.swift */,
			);
			path = View;
			sourceTree = "<group>";
		};
		D96249182A0942B100528E1B /* View */ = {
			isa = PBXGroup;
			children = (
				D9DAD5232A056A6C00083C65 /* UpComingCollectionViewCell.swift */,
				D9DAD5272A056A9D00083C65 /* TeamsCollectionViewCell.swift */,
				D9DAD52F2A056B1000083C65 /* LatestResultCollectionViewCell.swift */,
				D9DAD51E2A0558A100083C65 /* DetailsLeagueViewController.swift */,
			);
			path = View;
			sourceTree = "<group>";
		};
		D96249192A0942C200528E1B /* View */ = {
			isa = PBXGroup;
			children = (
				D913EDD62A0418BF00E27193 /* ViewController.swift */,
				D9DAD51A2A05499900083C65 /* CollectionViewCell.swift */,
			);
			path = View;
			sourceTree = "<group>";
		};
		D962491A2A0943BD00528E1B /* Data */ = {
			isa = PBXGroup;
			children = (
				D962491D2A09483A00528E1B /* LeaguesModels.swift */,
			);
			path = Data;
			sourceTree = "<group>";
		};
		D962491F2A0948DA00528E1B /* Presenter */ = {
			isa = PBXGroup;
			children = (
				D96249202A09491D00528E1B /* LeaguesPresenter.swift */,
			);
			path = Presenter;
			sourceTree = "<group>";
		};
		D96249292A095A5800528E1B /* Data */ = {
			isa = PBXGroup;
			children = (
				D913EDDB2A0418BF00E27193 /* SportSwift.xcdatamodeld */,
				D93CF6DF2A07CE2F00A43BBB /* UrlGenerator.swift */,
				D962492A2A09711C00528E1B /* NetworkService.swift */,
				D94A03ED2A0AC41D003207AD /* CoreDataDb.swift */,
			);
			path = Data;
			sourceTree = "<group>";
		};
		D962492C2A09725600528E1B /* Presenter */ = {
			isa = PBXGroup;
			children = (
				D962492D2A09726F00528E1B /* DetailsLeaguesPresenter.swift */,
			);
			path = Presenter;
			sourceTree = "<group>";
		};
		D9DAD5142A05436100083C65 /* LeagueScreen */ = {
			isa = PBXGroup;
			children = (
				D962491F2A0948DA00528E1B /* Presenter */,
				D962491A2A0943BD00528E1B /* Data */,
				D96249172A0942A700528E1B /* View */,
			);
			path = LeagueScreen;
			sourceTree = "<group>";
		};
		D9DAD51C2A0557C700083C65 /* LeaguesDetailsScreen */ = {
			isa = PBXGroup;
			children = (
				D962492C2A09725600528E1B /* Presenter */,
				D96249182A0942B100528E1B /* View */,
				D9DAD5202A055F7E00083C65 /* Data */,
			);
			path = LeaguesDetailsScreen;
			sourceTree = "<group>";
		};
		D9DAD5202A055F7E00083C65 /* Data */ = {
			isa = PBXGroup;
			children = (
				D96249272A0957E300528E1B /* ModelsLeaguesDetails.swift */,
			);
			path = Data;
			sourceTree = "<group>";
		};
		D9DAD5332A057F5F00083C65 /* TeamDetailsScreen */ = {
			isa = PBXGroup;
			children = (
				D94A03FA2A0AD215003207AD /* Presenter */,
				D913EDED2A04496400E27193 /* Model */,
				D9DAD5342A057F6800083C65 /* View */,
			);
			path = TeamDetailsScreen;
			sourceTree = "<group>";
		};
		D9DAD5342A057F6800083C65 /* View */ = {
			isa = PBXGroup;
			children = (
				D9DAD5352A057F7C00083C65 /* TeamDetailsViewController.swift */,
				D94A04012A0B2ACB003207AD /* TeamTableViewCell.swift */,
			);
			path = View;
			sourceTree = "<group>";
		};
		D9E331392A0D5DA40039BDA8 /* TestPresenters */ = {
			isa = PBXGroup;
			children = (
				D9F24BF72A0D79DE00BB573E /* NetworkMockTest.swift */,
				D9E3314B2A0D5F930039BDA8 /* MockNetworkService.swift */,
				D9E331472A0D5E6A0039BDA8 /* TeamDetailsPresenterTest.swift */,
				D9E331452A0D5E4C0039BDA8 /* LeaguesDetailsPresenterTest.swift */,
				D9E331432A0D5E320039BDA8 /* LeaguePresenterTest.swift */,
			);
			path = TestPresenters;
			sourceTree = "<group>";
		};
/* End PBXGroup section */

/* Begin PBXNativeTarget section */
		D913EDCE2A0418BF00E27193 /* SportSwift */ = {
			isa = PBXNativeTarget;
			buildConfigurationList = D913EDE62A0418C000E27193 /* Build configuration list for PBXNativeTarget "SportSwift" */;
			buildPhases = (
				1D7011F31BCE4D9F8130369A /* [CP] Check Pods Manifest.lock */,
				D913EDCB2A0418BF00E27193 /* Sources */,
				D913EDCC2A0418BF00E27193 /* Frameworks */,
				D913EDCD2A0418BF00E27193 /* Resources */,
				4C869FA66077EF4454D02C8F /* [CP] Embed Pods Frameworks */,
			);
			buildRules = (
			);
			dependencies = (
			);
			name = SportSwift;
			productName = SportSwift;
			productReference = D913EDCF2A0418BF00E27193 /* SportSwift.app */;
			productType = "com.apple.product-type.application";
		};
		D9E331372A0D5DA40039BDA8 /* TestPresenters */ = {
			isa = PBXNativeTarget;
			buildConfigurationList = D9E3313E2A0D5DA40039BDA8 /* Build configuration list for PBXNativeTarget "TestPresenters" */;
			buildPhases = (
				D9E331342A0D5DA40039BDA8 /* Sources */,
				D9E331352A0D5DA40039BDA8 /* Frameworks */,
				D9E331362A0D5DA40039BDA8 /* Resources */,
			);
			buildRules = (
			);
			dependencies = (
				D9E3313D2A0D5DA40039BDA8 /* PBXTargetDependency */,
			);
			name = TestPresenters;
			productName = TestPresenters;
			productReference = D9E331382A0D5DA40039BDA8 /* TestPresenters.xctest */;
			productType = "com.apple.product-type.bundle.unit-test";
		};
/* End PBXNativeTarget section */

/* Begin PBXProject section */
		D913EDC72A0418BE00E27193 /* Project object */ = {
			isa = PBXProject;
			attributes = {
				BuildIndependentTargetsInParallel = 1;
				LastSwiftUpdateCheck = 1430;
				LastUpgradeCheck = 1430;
				TargetAttributes = {
					D913EDCE2A0418BF00E27193 = {
						CreatedOnToolsVersion = 14.3;
					};
					D9E331372A0D5DA40039BDA8 = {
						CreatedOnToolsVersion = 14.3;
						TestTargetID = D913EDCE2A0418BF00E27193;
					};
				};
			};
			buildConfigurationList = D913EDCA2A0418BE00E27193 /* Build configuration list for PBXProject "SportSwift" */;
			compatibilityVersion = "Xcode 14.0";
			developmentRegion = en;
			hasScannedForEncodings = 0;
			knownRegions = (
				en,
				Base,
			);
			mainGroup = D913EDC62A0418BE00E27193;
			productRefGroup = D913EDD02A0418BF00E27193 /* Products */;
			projectDirPath = "";
			projectRoot = "";
			targets = (
				D913EDCE2A0418BF00E27193 /* SportSwift */,
				D9E331372A0D5DA40039BDA8 /* TestPresenters */,
			);
		};
/* End PBXProject section */

/* Begin PBXResourcesBuildPhase section */
		D913EDCD2A0418BF00E27193 /* Resources */ = {
			isa = PBXResourcesBuildPhase;
			buildActionMask = 2147483647;
			files = (
				D913EDE22A0418C000E27193 /* LaunchScreen.storyboard in Resources */,
				D913EDDF2A0418C000E27193 /* Assets.xcassets in Resources */,
				D913EDF82A04752700E27193 /* sport.json in Resources */,
				D913EDDA2A0418BF00E27193 /* Main.storyboard in Resources */,
			);
			runOnlyForDeploymentPostprocessing = 0;
		};
		D9E331362A0D5DA40039BDA8 /* Resources */ = {
			isa = PBXResourcesBuildPhase;
			buildActionMask = 2147483647;
			files = (
			);
			runOnlyForDeploymentPostprocessing = 0;
		};
/* End PBXResourcesBuildPhase section */

/* Begin PBXShellScriptBuildPhase section */
		1D7011F31BCE4D9F8130369A /* [CP] Check Pods Manifest.lock */ = {
			isa = PBXShellScriptBuildPhase;
			buildActionMask = 2147483647;
			files = (
			);
			inputFileListPaths = (
			);
			inputPaths = (
				"${PODS_PODFILE_DIR_PATH}/Podfile.lock",
				"${PODS_ROOT}/Manifest.lock",
			);
			name = "[CP] Check Pods Manifest.lock";
			outputFileListPaths = (
			);
			outputPaths = (
				"$(DERIVED_FILE_DIR)/Pods-SportSwift-checkManifestLockResult.txt",
			);
			runOnlyForDeploymentPostprocessing = 0;
			shellPath = /bin/sh;
			shellScript = "diff \"${PODS_PODFILE_DIR_PATH}/Podfile.lock\" \"${PODS_ROOT}/Manifest.lock\" > /dev/null\nif [ $? != 0 ] ; then\n    # print error to STDERR\n    echo \"error: The sandbox is not in sync with the Podfile.lock. Run 'pod install' or update your CocoaPods installation.\" >&2\n    exit 1\nfi\n# This output is used by Xcode 'outputs' to avoid re-running this script phase.\necho \"SUCCESS\" > \"${SCRIPT_OUTPUT_FILE_0}\"\n";
			showEnvVarsInLog = 0;
		};
		4C869FA66077EF4454D02C8F /* [CP] Embed Pods Frameworks */ = {
			isa = PBXShellScriptBuildPhase;
			buildActionMask = 2147483647;
			files = (
			);
			inputFileListPaths = (
				"${PODS_ROOT}/Target Support Files/Pods-SportSwift/Pods-SportSwift-frameworks-${CONFIGURATION}-input-files.xcfilelist",
			);
			name = "[CP] Embed Pods Frameworks";
			outputFileListPaths = (
				"${PODS_ROOT}/Target Support Files/Pods-SportSwift/Pods-SportSwift-frameworks-${CONFIGURATION}-output-files.xcfilelist",
			);
			runOnlyForDeploymentPostprocessing = 0;
			shellPath = /bin/sh;
			shellScript = "\"${PODS_ROOT}/Target Support Files/Pods-SportSwift/Pods-SportSwift-frameworks.sh\"\n";
			showEnvVarsInLog = 0;
		};
/* End PBXShellScriptBuildPhase section */

/* Begin PBXSourcesBuildPhase section */
		D913EDCB2A0418BF00E27193 /* Sources */ = {
			isa = PBXSourcesBuildPhase;
			buildActionMask = 2147483647;
			files = (
				D94A04002A0B2619003207AD /* FavoriteTeamsTableViewCell.swift in Sources */,
				D9DAD51B2A05499900083C65 /* CollectionViewCell.swift in Sources */,
				D94A03FC2A0AD228003207AD /* TeamDetailsPresenter.swift in Sources */,
				D913EDFB2A0475F800E27193 /* SplachViewController.swift in Sources */,
				D94A04022A0B2ACB003207AD /* TeamTableViewCell.swift in Sources */,
				D9DAD5292A056A9D00083C65 /* TeamsCollectionViewCell.swift in Sources */,
				D9DAD5252A056A6C00083C65 /* UpComingCollectionViewCell.swift in Sources */,
				D913EDDD2A0418BF00E27193 /* SportSwift.xcdatamodeld in Sources */,
				D962491E2A09483A00528E1B /* LeaguesModels.swift in Sources */,
				D9DAD5362A057F7C00083C65 /* TeamDetailsViewController.swift in Sources */,
				D913EDD72A0418BF00E27193 /* ViewController.swift in Sources */,
				D962492B2A09711C00528E1B /* NetworkService.swift in Sources */,
				D96249282A0957E300528E1B /* ModelsLeaguesDetails.swift in Sources */,
				D9DAD5172A05439500083C65 /* LeagueTableViewController.swift in Sources */,
				D96249212A09491D00528E1B /* LeaguesPresenter.swift in Sources */,
				D9DAD5312A056B1000083C65 /* LatestResultCollectionViewCell.swift in Sources */,
				D913EDD32A0418BF00E27193 /* AppDelegate.swift in Sources */,
				D94A03F12A0AC59A003207AD /* FavoriteModel.swift in Sources */,
				D913EDEF2A04497700E27193 /* TeamModels.swift in Sources */,
				D9DAD5192A05441500083C65 /* SingleSportTableViewCell.swift in Sources */,
				D94A03EE2A0AC41D003207AD /* CoreDataDb.swift in Sources */,
				D9DAD51F2A0558A100083C65 /* DetailsLeagueViewController.swift in Sources */,
				D962492E2A09726F00528E1B /* DetailsLeaguesPresenter.swift in Sources */,
				D913EDD52A0418BF00E27193 /* SceneDelegate.swift in Sources */,
				D94A03F62A0AD1EB003207AD /* FavoriteTeamsTableViewController.swift in Sources */,
				D96249162A09253800528E1B /* Utils.swift in Sources */,
				D94A03F92A0AD209003207AD /* FavoritePresenter.swift in Sources */,
				D93CF6E02A07CE2F00A43BBB /* UrlGenerator.swift in Sources */,
			);
			runOnlyForDeploymentPostprocessing = 0;
		};
		D9E331342A0D5DA40039BDA8 /* Sources */ = {
			isa = PBXSourcesBuildPhase;
			buildActionMask = 2147483647;
			files = (
				D9E331462A0D5E4C0039BDA8 /* LeaguesDetailsPresenterTest.swift in Sources */,
				D9E3314C2A0D5F930039BDA8 /* MockNetworkService.swift in Sources */,
				D9F24BF82A0D79DE00BB573E /* NetworkMockTest.swift in Sources */,
				D9E331482A0D5E6A0039BDA8 /* TeamDetailsPresenterTest.swift in Sources */,
				D9E331442A0D5E320039BDA8 /* LeaguePresenterTest.swift in Sources */,
			);
			runOnlyForDeploymentPostprocessing = 0;
		};
/* End PBXSourcesBuildPhase section */

/* Begin PBXTargetDependency section */
		D9E3313D2A0D5DA40039BDA8 /* PBXTargetDependency */ = {
			isa = PBXTargetDependency;
			target = D913EDCE2A0418BF00E27193 /* SportSwift */;
			targetProxy = D9E3313C2A0D5DA40039BDA8 /* PBXContainerItemProxy */;
		};
/* End PBXTargetDependency section */

/* Begin PBXVariantGroup section */
		D913EDD82A0418BF00E27193 /* Main.storyboard */ = {
			isa = PBXVariantGroup;
			children = (
				D913EDD92A0418BF00E27193 /* Base */,
			);
			name = Main.storyboard;
			sourceTree = "<group>";
		};
		D913EDE02A0418C000E27193 /* LaunchScreen.storyboard */ = {
			isa = PBXVariantGroup;
			children = (
				D913EDE12A0418C000E27193 /* Base */,
			);
			name = LaunchScreen.storyboard;
			sourceTree = "<group>";
		};
/* End PBXVariantGroup section */

/* Begin XCBuildConfiguration section */
		D913EDE42A0418C000E27193 /* Debug */ = {
			isa = XCBuildConfiguration;
			buildSettings = {
				ALWAYS_SEARCH_USER_PATHS = NO;
				CLANG_ANALYZER_NONNULL = YES;
				CLANG_ANALYZER_NUMBER_OBJECT_CONVERSION = YES_AGGRESSIVE;
				CLANG_CXX_LANGUAGE_STANDARD = "gnu++20";
				CLANG_ENABLE_MODULES = YES;
				CLANG_ENABLE_OBJC_ARC = YES;
				CLANG_ENABLE_OBJC_WEAK = YES;
				CLANG_WARN_BLOCK_CAPTURE_AUTORELEASING = YES;
				CLANG_WARN_BOOL_CONVERSION = YES;
				CLANG_WARN_COMMA = YES;
				CLANG_WARN_CONSTANT_CONVERSION = YES;
				CLANG_WARN_DEPRECATED_OBJC_IMPLEMENTATIONS = YES;
				CLANG_WARN_DIRECT_OBJC_ISA_USAGE = YES_ERROR;
				CLANG_WARN_DOCUMENTATION_COMMENTS = YES;
				CLANG_WARN_EMPTY_BODY = YES;
				CLANG_WARN_ENUM_CONVERSION = YES;
				CLANG_WARN_INFINITE_RECURSION = YES;
				CLANG_WARN_INT_CONVERSION = YES;
				CLANG_WARN_NON_LITERAL_NULL_CONVERSION = YES;
				CLANG_WARN_OBJC_IMPLICIT_RETAIN_SELF = YES;
				CLANG_WARN_OBJC_LITERAL_CONVERSION = YES;
				CLANG_WARN_OBJC_ROOT_CLASS = YES_ERROR;
				CLANG_WARN_QUOTED_INCLUDE_IN_FRAMEWORK_HEADER = YES;
				CLANG_WARN_RANGE_LOOP_ANALYSIS = YES;
				CLANG_WARN_STRICT_PROTOTYPES = YES;
				CLANG_WARN_SUSPICIOUS_MOVE = YES;
				CLANG_WARN_UNGUARDED_AVAILABILITY = YES_AGGRESSIVE;
				CLANG_WARN_UNREACHABLE_CODE = YES;
				CLANG_WARN__DUPLICATE_METHOD_MATCH = YES;
				COPY_PHASE_STRIP = NO;
				DEBUG_INFORMATION_FORMAT = dwarf;
				ENABLE_STRICT_OBJC_MSGSEND = YES;
				ENABLE_TESTABILITY = YES;
				GCC_C_LANGUAGE_STANDARD = gnu11;
				GCC_DYNAMIC_NO_PIC = NO;
				GCC_NO_COMMON_BLOCKS = YES;
				GCC_OPTIMIZATION_LEVEL = 0;
				GCC_PREPROCESSOR_DEFINITIONS = (
					"DEBUG=1",
					"$(inherited)",
				);
				GCC_WARN_64_TO_32_BIT_CONVERSION = YES;
				GCC_WARN_ABOUT_RETURN_TYPE = YES_ERROR;
				GCC_WARN_UNDECLARED_SELECTOR = YES;
				GCC_WARN_UNINITIALIZED_AUTOS = YES_AGGRESSIVE;
				GCC_WARN_UNUSED_FUNCTION = YES;
				GCC_WARN_UNUSED_VARIABLE = YES;
				IPHONEOS_DEPLOYMENT_TARGET = 16.4;
				MTL_ENABLE_DEBUG_INFO = INCLUDE_SOURCE;
				MTL_FAST_MATH = YES;
				ONLY_ACTIVE_ARCH = YES;
				SDKROOT = iphoneos;
				SWIFT_ACTIVE_COMPILATION_CONDITIONS = DEBUG;
				SWIFT_OPTIMIZATION_LEVEL = "-Onone";
			};
			name = Debug;
		};
		D913EDE52A0418C000E27193 /* Release */ = {
			isa = XCBuildConfiguration;
			buildSettings = {
				ALWAYS_SEARCH_USER_PATHS = NO;
				CLANG_ANALYZER_NONNULL = YES;
				CLANG_ANALYZER_NUMBER_OBJECT_CONVERSION = YES_AGGRESSIVE;
				CLANG_CXX_LANGUAGE_STANDARD = "gnu++20";
				CLANG_ENABLE_MODULES = YES;
				CLANG_ENABLE_OBJC_ARC = YES;
				CLANG_ENABLE_OBJC_WEAK = YES;
				CLANG_WARN_BLOCK_CAPTURE_AUTORELEASING = YES;
				CLANG_WARN_BOOL_CONVERSION = YES;
				CLANG_WARN_COMMA = YES;
				CLANG_WARN_CONSTANT_CONVERSION = YES;
				CLANG_WARN_DEPRECATED_OBJC_IMPLEMENTATIONS = YES;
				CLANG_WARN_DIRECT_OBJC_ISA_USAGE = YES_ERROR;
				CLANG_WARN_DOCUMENTATION_COMMENTS = YES;
				CLANG_WARN_EMPTY_BODY = YES;
				CLANG_WARN_ENUM_CONVERSION = YES;
				CLANG_WARN_INFINITE_RECURSION = YES;
				CLANG_WARN_INT_CONVERSION = YES;
				CLANG_WARN_NON_LITERAL_NULL_CONVERSION = YES;
				CLANG_WARN_OBJC_IMPLICIT_RETAIN_SELF = YES;
				CLANG_WARN_OBJC_LITERAL_CONVERSION = YES;
				CLANG_WARN_OBJC_ROOT_CLASS = YES_ERROR;
				CLANG_WARN_QUOTED_INCLUDE_IN_FRAMEWORK_HEADER = YES;
				CLANG_WARN_RANGE_LOOP_ANALYSIS = YES;
				CLANG_WARN_STRICT_PROTOTYPES = YES;
				CLANG_WARN_SUSPICIOUS_MOVE = YES;
				CLANG_WARN_UNGUARDED_AVAILABILITY = YES_AGGRESSIVE;
				CLANG_WARN_UNREACHABLE_CODE = YES;
				CLANG_WARN__DUPLICATE_METHOD_MATCH = YES;
				COPY_PHASE_STRIP = NO;
				DEBUG_INFORMATION_FORMAT = "dwarf-with-dsym";
				ENABLE_NS_ASSERTIONS = NO;
				ENABLE_STRICT_OBJC_MSGSEND = YES;
				GCC_C_LANGUAGE_STANDARD = gnu11;
				GCC_NO_COMMON_BLOCKS = YES;
				GCC_WARN_64_TO_32_BIT_CONVERSION = YES;
				GCC_WARN_ABOUT_RETURN_TYPE = YES_ERROR;
				GCC_WARN_UNDECLARED_SELECTOR = YES;
				GCC_WARN_UNINITIALIZED_AUTOS = YES_AGGRESSIVE;
				GCC_WARN_UNUSED_FUNCTION = YES;
				GCC_WARN_UNUSED_VARIABLE = YES;
				IPHONEOS_DEPLOYMENT_TARGET = 16.4;
				MTL_ENABLE_DEBUG_INFO = NO;
				MTL_FAST_MATH = YES;
				SDKROOT = iphoneos;
				SWIFT_COMPILATION_MODE = wholemodule;
				SWIFT_OPTIMIZATION_LEVEL = "-O";
				VALIDATE_PRODUCT = YES;
			};
			name = Release;
		};
		D913EDE72A0418C000E27193 /* Debug */ = {
			isa = XCBuildConfiguration;
			baseConfigurationReference = 11DE6510906BF3E032B3E764 /* Pods-SportSwift.debug.xcconfig */;
			buildSettings = {
				ASSETCATALOG_COMPILER_APPICON_NAME = AppIcon;
				ASSETCATALOG_COMPILER_GLOBAL_ACCENT_COLOR_NAME = AccentColor;
				CODE_SIGN_STYLE = Automatic;
				CURRENT_PROJECT_VERSION = 1;
				GENERATE_INFOPLIST_FILE = YES;
				INFOPLIST_FILE = SportSwift/Info.plist;
				INFOPLIST_KEY_CFBundleDisplayName = "Sport Jeek";
				INFOPLIST_KEY_LSApplicationCategoryType = "public.app-category.sports";
				INFOPLIST_KEY_UIApplicationSupportsIndirectInputEvents = YES;
				INFOPLIST_KEY_UILaunchStoryboardName = "";
				INFOPLIST_KEY_UIMainStoryboardFile = Main;
				INFOPLIST_KEY_UISupportedInterfaceOrientations_iPad = "UIInterfaceOrientationPortrait UIInterfaceOrientationPortraitUpsideDown UIInterfaceOrientationLandscapeLeft UIInterfaceOrientationLandscapeRight";
				INFOPLIST_KEY_UISupportedInterfaceOrientations_iPhone = "UIInterfaceOrientationPortrait UIInterfaceOrientationLandscapeLeft UIInterfaceOrientationLandscapeRight";
				LD_RUNPATH_SEARCH_PATHS = (
					"$(inherited)",
					"@executable_path/Frameworks",
				);
				MARKETING_VERSION = 1.0;
				PRODUCT_BUNDLE_IDENTIFIER = mohamed.SportSwift;
				PRODUCT_NAME = "$(TARGET_NAME)";
				SWIFT_EMIT_LOC_STRINGS = YES;
				SWIFT_VERSION = 5.0;
				TARGETED_DEVICE_FAMILY = "1,2";
			};
			name = Debug;
		};
		D913EDE82A0418C000E27193 /* Release */ = {
			isa = XCBuildConfiguration;
			baseConfigurationReference = 1394B58FCD7999F148BCA346 /* Pods-SportSwift.release.xcconfig */;
			buildSettings = {
				ASSETCATALOG_COMPILER_APPICON_NAME = AppIcon;
				ASSETCATALOG_COMPILER_GLOBAL_ACCENT_COLOR_NAME = AccentColor;
				CODE_SIGN_STYLE = Automatic;
				CURRENT_PROJECT_VERSION = 1;
				GENERATE_INFOPLIST_FILE = YES;
				INFOPLIST_FILE = SportSwift/Info.plist;
				INFOPLIST_KEY_CFBundleDisplayName = "Sport Jeek";
				INFOPLIST_KEY_LSApplicationCategoryType = "public.app-category.sports";
				INFOPLIST_KEY_UIApplicationSupportsIndirectInputEvents = YES;
				INFOPLIST_KEY_UILaunchStoryboardName = "";
				INFOPLIST_KEY_UIMainStoryboardFile = Main;
				INFOPLIST_KEY_UISupportedInterfaceOrientations_iPad = "UIInterfaceOrientationPortrait UIInterfaceOrientationPortraitUpsideDown UIInterfaceOrientationLandscapeLeft UIInterfaceOrientationLandscapeRight";
				INFOPLIST_KEY_UISupportedInterfaceOrientations_iPhone = "UIInterfaceOrientationPortrait UIInterfaceOrientationLandscapeLeft UIInterfaceOrientationLandscapeRight";
				LD_RUNPATH_SEARCH_PATHS = (
					"$(inherited)",
					"@executable_path/Frameworks",
				);
				MARKETING_VERSION = 1.0;
				PRODUCT_BUNDLE_IDENTIFIER = mohamed.SportSwift;
				PRODUCT_NAME = "$(TARGET_NAME)";
				SWIFT_EMIT_LOC_STRINGS = YES;
				SWIFT_VERSION = 5.0;
				TARGETED_DEVICE_FAMILY = "1,2";
			};
			name = Release;
		};
		D9E3313F2A0D5DA40039BDA8 /* Debug */ = {
			isa = XCBuildConfiguration;
			buildSettings = {
				BUNDLE_LOADER = "$(TEST_HOST)";
				CODE_SIGN_STYLE = Automatic;
				CURRENT_PROJECT_VERSION = 1;
				GENERATE_INFOPLIST_FILE = YES;
				IPHONEOS_DEPLOYMENT_TARGET = 16.4;
				MACOSX_DEPLOYMENT_TARGET = 13.2;
				MARKETING_VERSION = 1.0;
				PRODUCT_BUNDLE_IDENTIFIER = mohamed.TestPresenters;
				PRODUCT_NAME = "$(TARGET_NAME)";
				SDKROOT = auto;
				SUPPORTED_PLATFORMS = "iphoneos iphonesimulator macosx";
				SWIFT_EMIT_LOC_STRINGS = NO;
				SWIFT_VERSION = 5.0;
				TARGETED_DEVICE_FAMILY = "1,2";
				TEST_HOST = "$(BUILT_PRODUCTS_DIR)/SportSwift.app/$(BUNDLE_EXECUTABLE_FOLDER_PATH)/SportSwift";
			};
			name = Debug;
		};
		D9E331402A0D5DA40039BDA8 /* Release */ = {
			isa = XCBuildConfiguration;
			buildSettings = {
				BUNDLE_LOADER = "$(TEST_HOST)";
				CODE_SIGN_STYLE = Automatic;
				CURRENT_PROJECT_VERSION = 1;
				GENERATE_INFOPLIST_FILE = YES;
				IPHONEOS_DEPLOYMENT_TARGET = 16.4;
				MACOSX_DEPLOYMENT_TARGET = 13.2;
				MARKETING_VERSION = 1.0;
				PRODUCT_BUNDLE_IDENTIFIER = mohamed.TestPresenters;
				PRODUCT_NAME = "$(TARGET_NAME)";
				SDKROOT = auto;
				SUPPORTED_PLATFORMS = "iphoneos iphonesimulator macosx";
				SWIFT_EMIT_LOC_STRINGS = NO;
				SWIFT_VERSION = 5.0;
				TARGETED_DEVICE_FAMILY = "1,2";
				TEST_HOST = "$(BUILT_PRODUCTS_DIR)/SportSwift.app/$(BUNDLE_EXECUTABLE_FOLDER_PATH)/SportSwift";
			};
			name = Release;
		};
/* End XCBuildConfiguration section */

/* Begin XCConfigurationList section */
		D913EDCA2A0418BE00E27193 /* Build configuration list for PBXProject "SportSwift" */ = {
			isa = XCConfigurationList;
			buildConfigurations = (
				D913EDE42A0418C000E27193 /* Debug */,
				D913EDE52A0418C000E27193 /* Release */,
			);
			defaultConfigurationIsVisible = 0;
			defaultConfigurationName = Release;
		};
		D913EDE62A0418C000E27193 /* Build configuration list for PBXNativeTarget "SportSwift" */ = {
			isa = XCConfigurationList;
			buildConfigurations = (
				D913EDE72A0418C000E27193 /* Debug */,
				D913EDE82A0418C000E27193 /* Release */,
			);
			defaultConfigurationIsVisible = 0;
			defaultConfigurationName = Release;
		};
		D9E3313E2A0D5DA40039BDA8 /* Build configuration list for PBXNativeTarget "TestPresenters" */ = {
			isa = XCConfigurationList;
			buildConfigurations = (
				D9E3313F2A0D5DA40039BDA8 /* Debug */,
				D9E331402A0D5DA40039BDA8 /* Release */,
			);
			defaultConfigurationIsVisible = 0;
			defaultConfigurationName = Release;
		};
/* End XCConfigurationList section */

/* Begin XCVersionGroup section */
		D913EDDB2A0418BF00E27193 /* SportSwift.xcdatamodeld */ = {
			isa = XCVersionGroup;
			children = (
				D913EDDC2A0418BF00E27193 /* SportSwift.xcdatamodel */,
			);
			currentVersion = D913EDDC2A0418BF00E27193 /* SportSwift.xcdatamodel */;
			path = SportSwift.xcdatamodeld;
			sourceTree = "<group>";
			versionGroupType = wrapper.xcdatamodel;
		};
/* End XCVersionGroup section */
	};
	rootObject = D913EDC72A0418BE00E27193 /* Project object */;
}
